// !$*UTF8*$!
{
	archiveVersion = 1;
	classes = {
	};
	objectVersion = 46;
	objects = {

/* Begin PBXBuildFile section */
		C010DAFE1C217418003EB3F7 /* AppDelegate.swift in Sources */ = {isa = PBXBuildFile; fileRef = C010DAFD1C217418003EB3F7 /* AppDelegate.swift */; };
		C010DB001C217418003EB3F7 /* FirstViewController.swift in Sources */ = {isa = PBXBuildFile; fileRef = C010DAFF1C217418003EB3F7 /* FirstViewController.swift */; };
		C010DB021C217418003EB3F7 /* SecondViewController.swift in Sources */ = {isa = PBXBuildFile; fileRef = C010DB011C217418003EB3F7 /* SecondViewController.swift */; };
		C010DB051C217418003EB3F7 /* Main.storyboard in Resources */ = {isa = PBXBuildFile; fileRef = C010DB031C217418003EB3F7 /* Main.storyboard */; };
		C010DB071C217418003EB3F7 /* Assets.xcassets in Resources */ = {isa = PBXBuildFile; fileRef = C010DB061C217418003EB3F7 /* Assets.xcassets */; };
		C010DB0A1C217418003EB3F7 /* LaunchScreen.storyboard in Resources */ = {isa = PBXBuildFile; fileRef = C010DB081C217418003EB3F7 /* LaunchScreen.storyboard */; };
		C010DB121C21780F003EB3F7 /* thirdViewController.swift in Sources */ = {isa = PBXBuildFile; fileRef = C010DB111C21780F003EB3F7 /* thirdViewController.swift */; };
/* End PBXBuildFile section */

/* Begin PBXFileReference section */
		C010DAFA1C217418003EB3F7 /* convertUnit.app */ = {isa = PBXFileReference; explicitFileType = wrapper.application; includeInIndex = 0; path = convertUnit.app; sourceTree = BUILT_PRODUCTS_DIR; };
		C010DAFD1C217418003EB3F7 /* AppDelegate.swift */ = {isa = PBXFileReference; lastKnownFileType = sourcecode.swift; path = AppDelegate.swift; sourceTree = "<group>"; };
		C010DAFF1C217418003EB3F7 /* FirstViewController.swift */ = {isa = PBXFileReference; lastKnownFileType = sourcecode.swift; path = FirstViewController.swift; sourceTree = "<group>"; };
		C010DB011C217418003EB3F7 /* SecondViewController.swift */ = {isa = PBXFileReference; lastKnownFileType = sourcecode.swift; path = SecondViewController.swift; sourceTree = "<group>"; };
		C010DB041C217418003EB3F7 /* Base */ = {isa = PBXFileReference; lastKnownFileType = file.storyboard; name = Base; path = Base.lproj/Main.storyboard; sourceTree = "<group>"; };
		C010DB061C217418003EB3F7 /* Assets.xcassets */ = {isa = PBXFileReference; lastKnownFileType = folder.assetcatalog; path = Assets.xcassets; sourceTree = "<group>"; };
		C010DB091C217418003EB3F7 /* Base */ = {isa = PBXFileReference; lastKnownFileType = file.storyboard; name = Base; path = Base.lproj/LaunchScreen.storyboard; sourceTree = "<group>"; };
		C010DB0B1C217418003EB3F7 /* Info.plist */ = {isa = PBXFileReference; lastKnownFileType = text.plist.xml; path = Info.plist; sourceTree = "<group>"; };
		C010DB111C21780F003EB3F7 /* thirdViewController.swift */ = {isa = PBXFileReference; fileEncoding = 4; lastKnownFileType = sourcecode.swift; path = thirdViewController.swift; sourceTree = "<group>"; };
/* End PBXFileReference section */

/* Begin PBXFrameworksBuildPhase section */
		C010DAF71C217418003EB3F7 /* Frameworks */ = {
			isa = PBXFrameworksBuildPhase;
			buildActionMask = 2147483647;
			files = (
			);
			runOnlyForDeploymentPostprocessing = 0;
		};
/* End PBXFrameworksBuildPhase section */

/* Begin PBXGroup section */
		C010DAF11C217418003EB3F7 = {
			isa = PBXGroup;
			children = (
				C010DAFC1C217418003EB3F7 /* convertUnit */,
				C010DAFB1C217418003EB3F7 /* Products */,
			);
			sourceTree = "<group>";
		};
		C010DAFB1C217418003EB3F7 /* Products */ = {
			isa = PBXGroup;
			children = (
				C010DAFA1C217418003EB3F7 /* convertUnit.app */,
			);
			name = Products;
			sourceTree = "<group>";
		};
		C010DAFC1C217418003EB3F7 /* convertUnit */ = {
			isa = PBXGroup;
			children = (
				C010DAFD1C217418003EB3F7 /* AppDelegate.swift */,
				C010DAFF1C217418003EB3F7 /* FirstViewController.swift */,
				C010DB011C217418003EB3F7 /* SecondViewController.swift */,
				C010DB111C21780F003EB3F7 /* thirdViewController.swift */,
				C010DB031C217418003EB3F7 /* Main.storyboard */,
				C010DB061C217418003EB3F7 /* Assets.xcassets */,
				C010DB081C217418003EB3F7 /* LaunchScreen.storyboard */,
				C010DB0B1C217418003EB3F7 /* Info.plist */,
			);
			path = convertUnit;
			sourceTree = "<group>";
		};
/* End PBXGroup section */

/* Begin PBXNativeTarget section */
		C010DAF91C217418003EB3F7 /* convertUnit */ = {
			isa = PBXNativeTarget;
			buildConfigurationList = C010DB0E1C217418003EB3F7 /* Build configuration list for PBXNativeTarget "convertUnit" */;
			buildPhases = (
				C010DAF61C217418003EB3F7 /* Sources */,
				C010DAF71C217418003EB3F7 /* Frameworks */,
				C010DAF81C217418003EB3F7 /* Resources */,
			);
			buildRules = (
			);
			dependencies = (
			);
			name = convertUnit;
			productName = convertUnit;
			productReference = C010DAFA1C217418003EB3F7 /* convertUnit.app */;
			productType = "com.apple.product-type.application";
		};
/* End PBXNativeTarget section */

/* Begin PBXProject section */
		C010DAF21C217418003EB3F7 /* Project object */ = {
			isa = PBXProject;
			attributes = {
				LastSwiftUpdateCheck = 0720;
				LastUpgradeCheck = 0720;
				ORGANIZATIONNAME = shusuke;
				TargetAttributes = {
					C010DAF91C217418003EB3F7 = {
						CreatedOnToolsVersion = 7.2;
					};
				};
			};
			buildConfigurationList = C010DAF51C217418003EB3F7 /* Build configuration list for PBXProject "convertUnit" */;
			compatibilityVersion = "Xcode 3.2";
			developmentRegion = English;
			hasScannedForEncodings = 0;
			knownRegions = (
				en,
				Base,
			);
			mainGroup = C010DAF11C217418003EB3F7;
			productRefGroup = C010DAFB1C217418003EB3F7 /* Products */;
			projectDirPath = "";
			projectRoot = "";
			targets = (
				C010DAF91C217418003EB3F7 /* convertUnit */,
			);
		};
/* End PBXProject section */

/* Begin PBXResourcesBuildPhase section */
		C010DAF81C217418003EB3F7 /* Resources */ = {
			isa = PBXResourcesBuildPhase;
			buildActionMask = 2147483647;
			files = (
				C010DB0A1C217418003EB3F7 /* LaunchScreen.storyboard in Resources */,
				C010DB071C217418003EB3F7 /* Assets.xcassets in Resources */,
				C010DB051C217418003EB3F7 /* Main.storyboard in Resources */,
			);
			runOnlyForDeploymentPostprocessing = 0;
		};
/* End PBXResourcesBuildPhase section */

/* Begin PBXSourcesBuildPhase section */
		C010DAF61C217418003EB3F7 /* Sources */ = {
			isa = PBXSourcesBuildPhase;
			buildActionMask = 2147483647;
			files = (
				C010DB021C217418003EB3F7 /* SecondViewController.swift in Sources */,
				C010DAFE1C217418003EB3F7 /* AppDelegate.swift in Sources */,
				C010DB121C21780F003EB3F7 /* thirdViewController.swift in Sources */,
				C010DB001C217418003EB3F7 /* FirstViewController.swift in Sources */,
			);
			runOnlyForDeploymentPostprocessing = 0;
		};
/* End PBXSourcesBuildPhase section */

/* Begin PBXVariantGroup section */
		C010DB031C217418003EB3F7 /* Main.storyboard */ = {
			isa = PBXVariantGroup;
			children = (
				C010DB041C217418003EB3F7 /* Base */,
			);
			name = Main.storyboard;
			sourceTree = "<group>";
		};
		C010DB081C217418003EB3F7 /* LaunchScreen.storyboard */ = {
			isa = PBXVariantGroup;
			children = (
				C010DB091C217418003EB3F7 /* Base */,
			);
			name = LaunchScreen.storyboard;
			sourceTree = "<group>";
		};
/* End PBXVariantGroup section */

/* Begin XCBuildConfiguration section */
		C010DB0C1C217418003EB3F7 /* Debug */ = {
			isa = XCBuildConfiguration;
			buildSettings = {
				ALWAYS_SEARCH_USER_PATHS = NO;
				CLANG_CXX_LANGUAGE_STANDARD = "gnu++0x";
				CLANG_CXX_LIBRARY = "libc++";
				CLANG_ENABLE_MODULES = YES;
				CLANG_ENABLE_OBJC_ARC = YES;
				CLANG_WARN_BOOL_CONVERSION = YES;
				CLANG_WARN_CONSTANT_CONVERSION = YES;
				CLANG_WARN_DIRECT_OBJC_ISA_USAGE = YES_ERROR;
				CLANG_WARN_EMPTY_BODY = YES;
				CLANG_WARN_ENUM_CONVERSION = YES;
				CLANG_WARN_INT_CONVERSION = YES;
				CLANG_WARN_OBJC_ROOT_CLASS = YES_ERROR;
				CLANG_WARN_UNREACHABLE_CODE = YES;
				CLANG_WARN__DUPLICATE_METHOD_MATCH = YES;
				"CODE_SIGN_IDENTITY[sdk=iphoneos*]" = "iPhone Developer";
				COPY_PHASE_STRIP = NO;
				DEBUG_INFORMATION_FORMAT = dwarf;
				ENABLE_STRICT_OBJC_MSGSEND = YES;
				ENABLE_TESTABILITY = YES;
				GCC_C_LANGUAGE_STANDARD = gnu99;
				GCC_DYNAMIC_NO_PIC = NO;
				GCC_NO_COMMON_BLOCKS = YES;
				GCC_OPTIMIZATION_LEVEL = 0;
				GCC_PREPROCESSOR_DEFINITIONS = (
					"DEBUG=1",
					"$(inherited)",
				);
				GCC_WARN_64_TO_32_BIT_CONVERSION = YES;
				GCC_WARN_ABOUT_RETURN_TYPE = YES_ERROR;
				GCC_WARN_UNDECLARED_SELECTOR = YES;
				GCC_WARN_UNINITIALIZED_AUTOS = YES_AGGRESSIVE;
				GCC_WARN_UNUSED_FUNCTION = YES;
				GCC_WARN_UNUSED_VARIABLE = YES;
				IPHONEOS_DEPLOYMENT_TARGET = 9.2;
				MTL_ENABLE_DEBUG_INFO = YES;
				ONLY_ACTIVE_ARCH = YES;
				SDKROOT = iphoneos;
				SWIFT_OPTIMIZATION_LEVEL = "-Onone";
			};
			name = Debug;
		};
		C010DB0D1C217418003EB3F7 /* Release */ = {
			isa = XCBuildConfiguration;
			buildSettings = {
				ALWAYS_SEARCH_USER_PATHS = NO;
				CLANG_CXX_LANGUAGE_STANDARD = "gnu++0x";
				CLANG_CXX_LIBRARY = "libc++";
				CLANG_ENABLE_MODULES = YES;
				CLANG_ENABLE_OBJC_ARC = YES;
				CLANG_WARN_BOOL_CONVERSION = YES;
				CLANG_WARN_CONSTANT_CONVERSION = YES;
				CLANG_WARN_DIRECT_OBJC_ISA_USAGE = YES_ERROR;
				CLANG_WARN_EMPTY_BODY = YES;
				CLANG_WARN_ENUM_CONVERSION = YES;
				CLANG_WARN_INT_CONVERSION = YES;
				CLANG_WARN_OBJC_ROOT_CLASS = YES_ERROR;
				CLANG_WARN_UNREACHABLE_CODE = YES;
				CLANG_WARN__DUPLICATE_METHOD_MATCH = YES;
				"CODE_SIGN_IDENTITY[sdk=iphoneos*]" = "iPhone Developer";
				COPY_PHASE_STRIP = NO;
				DEBUG_INFORMATION_FORMAT = "dwarf-with-dsym";
				ENABLE_NS_ASSERTIONS = NO;
				ENABLE_STRICT_OBJC_MSGSEND = YES;
				GCC_C_LANGUAGE_STANDARD = gnu99;
				GCC_NO_COMMON_BLOCKS = YES;
				GCC_WARN_64_TO_32_BIT_CONVERSION = YES;
				GCC_WARN_ABOUT_RETURN_TYPE = YES_ERROR;
				GCC_WARN_UNDECLARED_SELECTOR = YES;
				GCC_WARN_UNINITIALIZED_AUTOS = YES_AGGRESSIVE;
				GCC_WARN_UNUSED_FUNCTION = YES;
				GCC_WARN_UNUSED_VARIABLE = YES;
				IPHONEOS_DEPLOYMENT_TARGET = 9.2;
				MTL_ENABLE_DEBUG_INFO = NO;
				SDKROOT = iphoneos;
				VALIDATE_PRODUCT = YES;
			};
			name = Release;
		};
		C010DB0F1C217418003EB3F7 /* Debug */ = {
			isa = XCBuildConfiguration;
			buildSettings = {
				ASSETCATALOG_COMPILER_APPICON_NAME = AppIcon;
				INFOPLIST_FILE = convertUnit/Info.plist;
				LD_RUNPATH_SEARCH_PATHS = "$(inherited) @executable_path/Frameworks";
				PRODUCT_BUNDLE_IDENTIFIER = com.shusuke.convertUnit;
				PRODUCT_NAME = "$(TARGET_NAME)";
			};
			name = Debug;
		};
		C010DB101C217418003EB3F7 /* Release */ = {
			isa = XCBuildConfiguration;
			buildSettings = {
				ASSETCATALOG_COMPILER_APPICON_NAME = AppIcon;
				INFOPLIST_FILE = convertUnit/Info.plist;
				LD_RUNPATH_SEARCH_PATHS = "$(inherited) @executable_path/Frameworks";
				PRODUCT_BUNDLE_IDENTIFIER = com.shusuke.convertUnit;
				PRODUCT_NAME = "$(TARGET_NAME)";
			};
			name = Release;
		};
/* End XCBuildConfiguration section */

/* Begin XCConfigurationList section */
		C010DAF51C217418003EB3F7 /* Build configuration list for PBXProject "convertUnit" */ = {
			isa = XCConfigurationList;
			buildConfigurations = (
				C010DB0C1C217418003EB3F7 /* Debug */,
				C010DB0D1C217418003EB3F7 /* Release */,
			);
			defaultConfigurationIsVisible = 0;
			defaultConfigurationName = Release;
		};
		C010DB0E1C217418003EB3F7 /* Build configuration list for PBXNativeTarget "convertUnit" */ = {
			isa = XCConfigurationList;
			buildConfigurations = (
				C010DB0F1C217418003EB3F7 /* Debug */,
				C010DB101C217418003EB3F7 /* Release */,
			);
			defaultConfigurationIsVisible = 0;
		};
/* End XCConfigurationList section */
	};
	rootObject = C010DAF21C217418003EB3F7 /* Project object */;
}
